// !$*UTF8*$!
{
	archiveVersion = 1;
	classes = {
	};
	objectVersion = 46;
	objects = {

/* Begin PBXBuildFile section */
		10B19F51D31F15DE166FAB17 /* Pods.framework in Frameworks */ = {isa = PBXBuildFile; fileRef = 3CA7050532232BB514C470F1 /* Pods.framework */; settings = {ATTRIBUTES = (Weak, ); }; };
		59C413E81B69199800C7ADC7 /* AppDelegate.swift in Sources */ = {isa = PBXBuildFile; fileRef = 59C413E71B69199800C7ADC7 /* AppDelegate.swift */; };
		59C413EA1B69199800C7ADC7 /* ViewController.swift in Sources */ = {isa = PBXBuildFile; fileRef = 59C413E91B69199800C7ADC7 /* ViewController.swift */; };
		59C413ED1B69199800C7ADC7 /* Main.storyboard in Resources */ = {isa = PBXBuildFile; fileRef = 59C413EB1B69199800C7ADC7 /* Main.storyboard */; };
		59C413EF1B69199800C7ADC7 /* Images.xcassets in Resources */ = {isa = PBXBuildFile; fileRef = 59C413EE1B69199800C7ADC7 /* Images.xcassets */; };
		59C413F21B69199800C7ADC7 /* LaunchScreen.xib in Resources */ = {isa = PBXBuildFile; fileRef = 59C413F01B69199800C7ADC7 /* LaunchScreen.xib */; };
		59C413FE1B69199800C7ADC7 /* SeekerTests.swift in Sources */ = {isa = PBXBuildFile; fileRef = 59C413FD1B69199800C7ADC7 /* SeekerTests.swift */; };
		59C414081B692A8400C7ADC7 /* AuthenticationManager.swift in Sources */ = {isa = PBXBuildFile; fileRef = 59C414071B692A8400C7ADC7 /* AuthenticationManager.swift */; };
		59C4140B1B693AA100C7ADC7 /* LoginViewController.swift in Sources */ = {isa = PBXBuildFile; fileRef = 59C4140A1B693AA100C7ADC7 /* LoginViewController.swift */; };
/* End PBXBuildFile section */

/* Begin PBXContainerItemProxy section */
		59C413F81B69199800C7ADC7 /* PBXContainerItemProxy */ = {
			isa = PBXContainerItemProxy;
			containerPortal = 59C413DA1B69199800C7ADC7 /* Project object */;
			proxyType = 1;
			remoteGlobalIDString = 59C413E11B69199800C7ADC7;
			remoteInfo = Seeker;
		};
/* End PBXContainerItemProxy section */

/* Begin PBXFileReference section */
		3CA7050532232BB514C470F1 /* Pods.framework */ = {isa = PBXFileReference; explicitFileType = wrapper.framework; includeInIndex = 0; path = Pods.framework; sourceTree = BUILT_PRODUCTS_DIR; };
		59C413E21B69199800C7ADC7 /* Seeker.app */ = {isa = PBXFileReference; explicitFileType = wrapper.application; includeInIndex = 0; path = Seeker.app; sourceTree = BUILT_PRODUCTS_DIR; };
		59C413E61B69199800C7ADC7 /* Info.plist */ = {isa = PBXFileReference; lastKnownFileType = text.plist.xml; path = Info.plist; sourceTree = "<group>"; };
		59C413E71B69199800C7ADC7 /* AppDelegate.swift */ = {isa = PBXFileReference; lastKnownFileType = sourcecode.swift; path = AppDelegate.swift; sourceTree = "<group>"; };
		59C413E91B69199800C7ADC7 /* ViewController.swift */ = {isa = PBXFileReference; lastKnownFileType = sourcecode.swift; path = ViewController.swift; sourceTree = "<group>"; };
		59C413EC1B69199800C7ADC7 /* Base */ = {isa = PBXFileReference; lastKnownFileType = file.storyboard; name = Base; path = Base.lproj/Main.storyboard; sourceTree = "<group>"; };
		59C413EE1B69199800C7ADC7 /* Images.xcassets */ = {isa = PBXFileReference; lastKnownFileType = folder.assetcatalog; path = Images.xcassets; sourceTree = "<group>"; };
		59C413F11B69199800C7ADC7 /* Base */ = {isa = PBXFileReference; lastKnownFileType = file.xib; name = Base; path = Base.lproj/LaunchScreen.xib; sourceTree = "<group>"; };
		59C413F71B69199800C7ADC7 /* SeekerTests.xctest */ = {isa = PBXFileReference; explicitFileType = wrapper.cfbundle; includeInIndex = 0; path = SeekerTests.xctest; sourceTree = BUILT_PRODUCTS_DIR; };
		59C413FC1B69199800C7ADC7 /* Info.plist */ = {isa = PBXFileReference; lastKnownFileType = text.plist.xml; path = Info.plist; sourceTree = "<group>"; };
		59C413FD1B69199800C7ADC7 /* SeekerTests.swift */ = {isa = PBXFileReference; lastKnownFileType = sourcecode.swift; path = SeekerTests.swift; sourceTree = "<group>"; };
		59C414071B692A8400C7ADC7 /* AuthenticationManager.swift */ = {isa = PBXFileReference; fileEncoding = 4; lastKnownFileType = sourcecode.swift; path = AuthenticationManager.swift; sourceTree = "<group>"; };
		59C414091B69351000C7ADC7 /* Bridging-Header.h */ = {isa = PBXFileReference; lastKnownFileType = sourcecode.c.h; path = "Bridging-Header.h"; sourceTree = "<group>"; };
		59C4140A1B693AA100C7ADC7 /* LoginViewController.swift */ = {isa = PBXFileReference; fileEncoding = 4; lastKnownFileType = sourcecode.swift; path = LoginViewController.swift; sourceTree = "<group>"; };
		A87660ED232AC164BBB7183A /* Pods.release.xcconfig */ = {isa = PBXFileReference; includeInIndex = 1; lastKnownFileType = text.xcconfig; name = Pods.release.xcconfig; path = "Pods/Target Support Files/Pods/Pods.release.xcconfig"; sourceTree = "<group>"; };
		ECB9C10C8266B52B3BD32D1E /* Pods.debug.xcconfig */ = {isa = PBXFileReference; includeInIndex = 1; lastKnownFileType = text.xcconfig; name = Pods.debug.xcconfig; path = "Pods/Target Support Files/Pods/Pods.debug.xcconfig"; sourceTree = "<group>"; };
/* End PBXFileReference section */

/* Begin PBXFrameworksBuildPhase section */
		59C413DF1B69199800C7ADC7 /* Frameworks */ = {
			isa = PBXFrameworksBuildPhase;
			buildActionMask = 2147483647;
			files = (
				10B19F51D31F15DE166FAB17 /* Pods.framework in Frameworks */,
			);
			runOnlyForDeploymentPostprocessing = 0;
		};
		59C413F41B69199800C7ADC7 /* Frameworks */ = {
			isa = PBXFrameworksBuildPhase;
			buildActionMask = 2147483647;
			files = (
			);
			runOnlyForDeploymentPostprocessing = 0;
		};
/* End PBXFrameworksBuildPhase section */

/* Begin PBXGroup section */
		59C413D91B69199800C7ADC7 = {
			isa = PBXGroup;
			children = (
				59C413E41B69199800C7ADC7 /* Seeker */,
				59C413FA1B69199800C7ADC7 /* SeekerTests */,
				59C413E31B69199800C7ADC7 /* Products */,
				CACAA18F906108DC4B82AE9F /* Pods */,
				97EE7F3CE1A06F463DE1D1C0 /* Frameworks */,
			);
			sourceTree = "<group>";
		};
		59C413E31B69199800C7ADC7 /* Products */ = {
			isa = PBXGroup;
			children = (
				59C413E21B69199800C7ADC7 /* Seeker.app */,
				59C413F71B69199800C7ADC7 /* SeekerTests.xctest */,
			);
			name = Products;
			sourceTree = "<group>";
		};
		59C413E41B69199800C7ADC7 /* Seeker */ = {
			isa = PBXGroup;
			children = (
				59C413E71B69199800C7ADC7 /* AppDelegate.swift */,
				59C414091B69351000C7ADC7 /* Bridging-Header.h */,
				59C413E91B69199800C7ADC7 /* ViewController.swift */,
				59C4140A1B693AA100C7ADC7 /* LoginViewController.swift */,
				59C414071B692A8400C7ADC7 /* AuthenticationManager.swift */,
				59C413EB1B69199800C7ADC7 /* Main.storyboard */,
				59C413EE1B69199800C7ADC7 /* Images.xcassets */,
				59C413F01B69199800C7ADC7 /* LaunchScreen.xib */,
				59C413E51B69199800C7ADC7 /* Supporting Files */,
			);
			path = Seeker;
			sourceTree = "<group>";
		};
		59C413E51B69199800C7ADC7 /* Supporting Files */ = {
			isa = PBXGroup;
			children = (
				59C413E61B69199800C7ADC7 /* Info.plist */,
			);
			name = "Supporting Files";
			sourceTree = "<group>";
		};
		59C413FA1B69199800C7ADC7 /* SeekerTests */ = {
			isa = PBXGroup;
			children = (
				59C413FD1B69199800C7ADC7 /* SeekerTests.swift */,
				59C413FB1B69199800C7ADC7 /* Supporting Files */,
			);
			path = SeekerTests;
			sourceTree = "<group>";
		};
		59C413FB1B69199800C7ADC7 /* Supporting Files */ = {
			isa = PBXGroup;
			children = (
				59C413FC1B69199800C7ADC7 /* Info.plist */,
			);
			name = "Supporting Files";
			sourceTree = "<group>";
		};
		97EE7F3CE1A06F463DE1D1C0 /* Frameworks */ = {
			isa = PBXGroup;
			children = (
				3CA7050532232BB514C470F1 /* Pods.framework */,
			);
			name = Frameworks;
			sourceTree = "<group>";
		};
		CACAA18F906108DC4B82AE9F /* Pods */ = {
			isa = PBXGroup;
			children = (
				ECB9C10C8266B52B3BD32D1E /* Pods.debug.xcconfig */,
				A87660ED232AC164BBB7183A /* Pods.release.xcconfig */,
			);
			name = Pods;
			sourceTree = "<group>";
		};
/* End PBXGroup section */

/* Begin PBXNativeTarget section */
		59C413E11B69199800C7ADC7 /* Seeker */ = {
			isa = PBXNativeTarget;
			buildConfigurationList = 59C414011B69199800C7ADC7 /* Build configuration list for PBXNativeTarget "Seeker" */;
			buildPhases = (
				C4C9473E2380970F878871A5 /* Check Pods Manifest.lock */,
				59C413DE1B69199800C7ADC7 /* Sources */,
				59C413DF1B69199800C7ADC7 /* Frameworks */,
				59C413E01B69199800C7ADC7 /* Resources */,
				9CA0701B284A3148181C3EFD /* Embed Pods Frameworks */,
				D2DE72D13EB51771961A33DB /* Copy Pods Resources */,
			);
			buildRules = (
			);
			dependencies = (
			);
			name = Seeker;
			productName = Seeker;
			productReference = 59C413E21B69199800C7ADC7 /* Seeker.app */;
			productType = "com.apple.product-type.application";
		};
		59C413F61B69199800C7ADC7 /* SeekerTests */ = {
			isa = PBXNativeTarget;
			buildConfigurationList = 59C414041B69199800C7ADC7 /* Build configuration list for PBXNativeTarget "SeekerTests" */;
			buildPhases = (
				59C413F31B69199800C7ADC7 /* Sources */,
				59C413F41B69199800C7ADC7 /* Frameworks */,
				59C413F51B69199800C7ADC7 /* Resources */,
			);
			buildRules = (
			);
			dependencies = (
				59C413F91B69199800C7ADC7 /* PBXTargetDependency */,
			);
			name = SeekerTests;
			productName = SeekerTests;
			productReference = 59C413F71B69199800C7ADC7 /* SeekerTests.xctest */;
			productType = "com.apple.product-type.bundle.unit-test";
		};
/* End PBXNativeTarget section */

/* Begin PBXProject section */
		59C413DA1B69199800C7ADC7 /* Project object */ = {
			isa = PBXProject;
			attributes = {
				LastUpgradeCheck = 0630;
				ORGANIZATIONNAME = "Henry Saniuk";
				TargetAttributes = {
					59C413E11B69199800C7ADC7 = {
						CreatedOnToolsVersion = 6.3.2;
						DevelopmentTeam = LCB3NE4A8E;
					};
					59C413F61B69199800C7ADC7 = {
						CreatedOnToolsVersion = 6.3.2;
						TestTargetID = 59C413E11B69199800C7ADC7;
					};
				};
			};
			buildConfigurationList = 59C413DD1B69199800C7ADC7 /* Build configuration list for PBXProject "Seeker" */;
			compatibilityVersion = "Xcode 3.2";
			developmentRegion = English;
			hasScannedForEncodings = 0;
			knownRegions = (
				en,
				Base,
			);
			mainGroup = 59C413D91B69199800C7ADC7;
			productRefGroup = 59C413E31B69199800C7ADC7 /* Products */;
			projectDirPath = "";
			projectRoot = "";
			targets = (
				59C413E11B69199800C7ADC7 /* Seeker */,
				59C413F61B69199800C7ADC7 /* SeekerTests */,
			);
		};
/* End PBXProject section */

/* Begin PBXResourcesBuildPhase section */
		59C413E01B69199800C7ADC7 /* Resources */ = {
			isa = PBXResourcesBuildPhase;
			buildActionMask = 2147483647;
			files = (
				59C413ED1B69199800C7ADC7 /* Main.storyboard in Resources */,
				59C413F21B69199800C7ADC7 /* LaunchScreen.xib in Resources */,
				59C413EF1B69199800C7ADC7 /* Images.xcassets in Resources */,
			);
			runOnlyForDeploymentPostprocessing = 0;
		};
		59C413F51B69199800C7ADC7 /* Resources */ = {
			isa = PBXResourcesBuildPhase;
			buildActionMask = 2147483647;
			files = (
			);
			runOnlyForDeploymentPostprocessing = 0;
		};
/* End PBXResourcesBuildPhase section */

/* Begin PBXShellScriptBuildPhase section */
		9CA0701B284A3148181C3EFD /* Embed Pods Frameworks */ = {
			isa = PBXShellScriptBuildPhase;
			buildActionMask = 2147483647;
			files = (
			);
			inputPaths = (
			);
			name = "Embed Pods Frameworks";
			outputPaths = (
			);
			runOnlyForDeploymentPostprocessing = 0;
			shellPath = /bin/sh;
			shellScript = "\"${SRCROOT}/Pods/Target Support Files/Pods/Pods-frameworks.sh\"\n";
			showEnvVarsInLog = 0;
		};
		C4C9473E2380970F878871A5 /* Check Pods Manifest.lock */ = {
			isa = PBXShellScriptBuildPhase;
			buildActionMask = 2147483647;
			files = (
			);
			inputPaths = (
			);
			name = "Check Pods Manifest.lock";
			outputPaths = (
			);
			runOnlyForDeploymentPostprocessing = 0;
			shellPath = /bin/sh;
			shellScript = "diff \"${PODS_ROOT}/../Podfile.lock\" \"${PODS_ROOT}/Manifest.lock\" > /dev/null\nif [[ $? != 0 ]] ; then\n    cat << EOM\nerror: The sandbox is not in sync with the Podfile.lock. Run 'pod install' or update your CocoaPods installation.\nEOM\n    exit 1\nfi\n";
			showEnvVarsInLog = 0;
		};
		D2DE72D13EB51771961A33DB /* Copy Pods Resources */ = {
			isa = PBXShellScriptBuildPhase;
			buildActionMask = 2147483647;
			files = (
			);
			inputPaths = (
			);
			name = "Copy Pods Resources";
			outputPaths = (
			);
			runOnlyForDeploymentPostprocessing = 0;
			shellPath = /bin/sh;
			shellScript = "\"${SRCROOT}/Pods/Target Support Files/Pods/Pods-resources.sh\"\n";
			showEnvVarsInLog = 0;
		};
/* End PBXShellScriptBuildPhase section */

/* Begin PBXSourcesBuildPhase section */
		59C413DE1B69199800C7ADC7 /* Sources */ = {
			isa = PBXSourcesBuildPhase;
			buildActionMask = 2147483647;
			files = (
				59C4140B1B693AA100C7ADC7 /* LoginViewController.swift in Sources */,
				59C414081B692A8400C7ADC7 /* AuthenticationManager.swift in Sources */,
				59C413EA1B69199800C7ADC7 /* ViewController.swift in Sources */,
				59C413E81B69199800C7ADC7 /* AppDelegate.swift in Sources */,
			);
			runOnlyForDeploymentPostprocessing = 0;
		};
		59C413F31B69199800C7ADC7 /* Sources */ = {
			isa = PBXSourcesBuildPhase;
			buildActionMask = 2147483647;
			files = (
				59C413FE1B69199800C7ADC7 /* SeekerTests.swift in Sources */,
			);
			runOnlyForDeploymentPostprocessing = 0;
		};
/* End PBXSourcesBuildPhase section */

/* Begin PBXTargetDependency section */
		59C413F91B69199800C7ADC7 /* PBXTargetDependency */ = {
			isa = PBXTargetDependency;
			target = 59C413E11B69199800C7ADC7 /* Seeker */;
			targetProxy = 59C413F81B69199800C7ADC7 /* PBXContainerItemProxy */;
		};
/* End PBXTargetDependency section */

/* Begin PBXVariantGroup section */
		59C413EB1B69199800C7ADC7 /* Main.storyboard */ = {
			isa = PBXVariantGroup;
			children = (
				59C413EC1B69199800C7ADC7 /* Base */,
			);
			name = Main.storyboard;
			sourceTree = "<group>";
		};
		59C413F01B69199800C7ADC7 /* LaunchScreen.xib */ = {
			isa = PBXVariantGroup;
			children = (
				59C413F11B69199800C7ADC7 /* Base */,
			);
			name = LaunchScreen.xib;
			sourceTree = "<group>";
		};
/* End PBXVariantGroup section */

/* Begin XCBuildConfiguration section */
		59C413FF1B69199800C7ADC7 /* Debug */ = {
			isa = XCBuildConfiguration;
			buildSettings = {
				ALWAYS_SEARCH_USER_PATHS = NO;
				CLANG_CXX_LANGUAGE_STANDARD = "gnu++0x";
				CLANG_CXX_LIBRARY = "libc++";
				CLANG_ENABLE_MODULES = YES;
				CLANG_ENABLE_OBJC_ARC = YES;
				CLANG_WARN_BOOL_CONVERSION = YES;
				CLANG_WARN_CONSTANT_CONVERSION = YES;
				CLANG_WARN_DIRECT_OBJC_ISA_USAGE = YES_ERROR;
				CLANG_WARN_EMPTY_BODY = YES;
				CLANG_WARN_ENUM_CONVERSION = YES;
				CLANG_WARN_INT_CONVERSION = YES;
				CLANG_WARN_OBJC_ROOT_CLASS = YES_ERROR;
				CLANG_WARN_UNREACHABLE_CODE = YES;
				CLANG_WARN__DUPLICATE_METHOD_MATCH = YES;
				"CODE_SIGN_IDENTITY[sdk=iphoneos*]" = "iPhone Developer";
				COPY_PHASE_STRIP = NO;
				DEBUG_INFORMATION_FORMAT = "dwarf-with-dsym";
				ENABLE_STRICT_OBJC_MSGSEND = YES;
				GCC_C_LANGUAGE_STANDARD = gnu99;
				GCC_DYNAMIC_NO_PIC = NO;
				GCC_NO_COMMON_BLOCKS = YES;
				GCC_OPTIMIZATION_LEVEL = 0;
				GCC_PREPROCESSOR_DEFINITIONS = (
					"DEBUG=1",
					"$(inherited)",
				);
				GCC_SYMBOLS_PRIVATE_EXTERN = NO;
				GCC_WARN_64_TO_32_BIT_CONVERSION = YES;
				GCC_WARN_ABOUT_RETURN_TYPE = YES_ERROR;
				GCC_WARN_UNDECLARED_SELECTOR = YES;
				GCC_WARN_UNINITIALIZED_AUTOS = YES_AGGRESSIVE;
				GCC_WARN_UNUSED_FUNCTION = YES;
				GCC_WARN_UNUSED_VARIABLE = YES;
				IPHONEOS_DEPLOYMENT_TARGET = 8.3;
				MTL_ENABLE_DEBUG_INFO = YES;
				ONLY_ACTIVE_ARCH = YES;
				SDKROOT = iphoneos;
				SWIFT_OPTIMIZATION_LEVEL = "-Onone";
				TARGETED_DEVICE_FAMILY = "1,2";
			};
			name = Debug;
		};
		59C414001B69199800C7ADC7 /* Release */ = {
			isa = XCBuildConfiguration;
			buildSettings = {
				ALWAYS_SEARCH_USER_PATHS = NO;
				CLANG_CXX_LANGUAGE_STANDARD = "gnu++0x";
				CLANG_CXX_LIBRARY = "libc++";
				CLANG_ENABLE_MODULES = YES;
				CLANG_ENABLE_OBJC_ARC = YES;
				CLANG_WARN_BOOL_CONVERSION = YES;
				CLANG_WARN_CONSTANT_CONVERSION = YES;
				CLANG_WARN_DIRECT_OBJC_ISA_USAGE = YES_ERROR;
				CLANG_WARN_EMPTY_BODY = YES;
				CLANG_WARN_ENUM_CONVERSION = YES;
				CLANG_WARN_INT_CONVERSION = YES;
				CLANG_WARN_OBJC_ROOT_CLASS = YES_ERROR;
				CLANG_WARN_UNREACHABLE_CODE = YES;
				CLANG_WARN__DUPLICATE_METHOD_MATCH = YES;
				"CODE_SIGN_IDENTITY[sdk=iphoneos*]" = "iPhone Developer";
				COPY_PHASE_STRIP = NO;
				DEBUG_INFORMATION_FORMAT = "dwarf-with-dsym";
				ENABLE_NS_ASSERTIONS = NO;
				ENABLE_STRICT_OBJC_MSGSEND = YES;
				GCC_C_LANGUAGE_STANDARD = gnu99;
				GCC_NO_COMMON_BLOCKS = YES;
				GCC_WARN_64_TO_32_BIT_CONVERSION = YES;
				GCC_WARN_ABOUT_RETURN_TYPE = YES_ERROR;
				GCC_WARN_UNDECLARED_SELECTOR = YES;
				GCC_WARN_UNINITIALIZED_AUTOS = YES_AGGRESSIVE;
				GCC_WARN_UNUSED_FUNCTION = YES;
				GCC_WARN_UNUSED_VARIABLE = YES;
				IPHONEOS_DEPLOYMENT_TARGET = 8.3;
				MTL_ENABLE_DEBUG_INFO = NO;
				SDKROOT = iphoneos;
				TARGETED_DEVICE_FAMILY = "1,2";
				VALIDATE_PRODUCT = YES;
			};
			name = Release;
		};
		59C414021B69199800C7ADC7 /* Debug */ = {
			isa = XCBuildConfiguration;
			baseConfigurationReference = ECB9C10C8266B52B3BD32D1E /* Pods.debug.xcconfig */;
			buildSettings = {
				ASSETCATALOG_COMPILER_APPICON_NAME = AppIcon;
				CODE_SIGN_IDENTITY = "iPhone Developer";
				INFOPLIST_FILE = Seeker/Info.plist;
				LD_RUNPATH_SEARCH_PATHS = "$(inherited) @executable_path/Frameworks";
				PRODUCT_NAME = "$(TARGET_NAME)";
			};
			name = Debug;
		};
		59C414031B69199800C7ADC7 /* Release */ = {
			isa = XCBuildConfiguration;
			baseConfigurationReference = A87660ED232AC164BBB7183A /* Pods.release.xcconfig */;
			buildSettings = {
				ASSETCATALOG_COMPILER_APPICON_NAME = AppIcon;
				CODE_SIGN_IDENTITY = "iPhone Developer";
				INFOPLIST_FILE = Seeker/Info.plist;
				LD_RUNPATH_SEARCH_PATHS = "$(inherited) @executable_path/Frameworks";
				PRODUCT_NAME = "$(TARGET_NAME)";
			};
			name = Release;
		};
		59C414051B69199800C7ADC7 /* Debug */ = {
			isa = XCBuildConfiguration;
			buildSettings = {
				BUNDLE_LOADER = "$(TEST_HOST)";
				FRAMEWORK_SEARCH_PATHS = (
					"$(SDKROOT)/Developer/Library/Frameworks",
					"$(inherited)",
				);
				GCC_PREPROCESSOR_DEFINITIONS = (
					"DEBUG=1",
					"$(inherited)",
				);
				INFOPLIST_FILE = SeekerTests/Info.plist;
				LD_RUNPATH_SEARCH_PATHS = "$(inherited) @executable_path/Frameworks @loader_path/Frameworks";
				PRODUCT_NAME = "$(TARGET_NAME)";
				TEST_HOST = "$(BUILT_PRODUCTS_DIR)/Seeker.app/Seeker";
			};
			name = Debug;
		};
		59C414061B69199800C7ADC7 /* Release */ = {
			isa = XCBuildConfiguration;
			buildSettings = {
				BUNDLE_LOADER = "$(TEST_HOST)";
				FRAMEWORK_SEARCH_PATHS = (
					"$(SDKROOT)/Developer/Library/Frameworks",
					"$(inherited)",
				);
				INFOPLIST_FILE = SeekerTests/Info.plist;
				LD_RUNPATH_SEARCH_PATHS = "$(inherited) @executable_path/Frameworks @loader_path/Frameworks";
				PRODUCT_NAME = "$(TARGET_NAME)";
				TEST_HOST = "$(BUILT_PRODUCTS_DIR)/Seeker.app/Seeker";
			};
			name = Release;
		};
/* End XCBuildConfiguration section */

/* Begin XCConfigurationList section */
		59C413DD1B69199800C7ADC7 /* Build configuration list for PBXProject "Seeker" */ = {
			isa = XCConfigurationList;
			buildConfigurations = (
				59C413FF1B69199800C7ADC7 /* Debug */,
				59C414001B69199800C7ADC7 /* Release */,
			);
			defaultConfigurationIsVisible = 0;
			defaultConfigurationName = Release;
		};
		59C414011B69199800C7ADC7 /* Build configuration list for PBXNativeTarget "Seeker" */ = {
			isa = XCConfigurationList;
			buildConfigurations = (
				59C414021B69199800C7ADC7 /* Debug */,
				59C414031B69199800C7ADC7 /* Release */,
			);
			defaultConfigurationIsVisible = 0;
			defaultConfigurationName = Release;
		};
		59C414041B69199800C7ADC7 /* Build configuration list for PBXNativeTarget "SeekerTests" */ = {
			isa = XCConfigurationList;
			buildConfigurations = (
				59C414051B69199800C7ADC7 /* Debug */,
				59C414061B69199800C7ADC7 /* Release */,
			);
			defaultConfigurationIsVisible = 0;
			defaultConfigurationName = Release;
		};
/* End XCConfigurationList section */
	};
	rootObject = 59C413DA1B69199800C7ADC7 /* Project object */;
}
